
Microsoft Visual Studio Solution File, Format Version 12.00
# Visual Studio 15
Project("{FAE04EC0-301F-11D3-BF4B-00C04F79EFBC}") = "MonoMac", "src\MonoMac.csproj", "{2DD23346-B755-4D8C-A0C4-4FABD8F38F5E}"
EndProject
Project("{FAE04EC0-301F-11D3-BF4B-00C04F79EFBC}") = "core", "src\core.csproj", "{F8156179-CC50-485B-BA01-7D97D3FEE2BC}"
EndProject
Project("{2150E333-8FDC-42A3-9474-1A3956D46DE8}") = "build", "build", "{78756412-5D1F-4838-A1C9-B0FA95D3441E}"
	ProjectSection(SolutionItems) = preProject
		src\Directory.Build.props = src\Directory.Build.props
		src\Directory.Build.targets = src\Directory.Build.targets
		src\Shared.props = src\Shared.props
	EndProjectSection
EndProject
Project("{FAE04EC0-301F-11D3-BF4B-00C04F79EFBC}") = "generator", "src\generator.csproj", "{F1D41295-E97A-420F-85AC-FA154F4E8D07}"
EndProject
Project("{FAE04EC0-301F-11D3-BF4B-00C04F79EFBC}") = "bmac", "src\bmac.csproj", "{11C18A28-7244-4CBF-95AE-4986B9650081}"
EndProject
Global
	GlobalSection(SolutionConfigurationPlatforms) = preSolution
		Debug|x64 = Debug|x64
		Release|x64 = Release|x64
		Debug|x86 = Debug|x86
		Release|x86 = Release|x86
	EndGlobalSection
	GlobalSection(ProjectConfigurationPlatforms) = postSolution
		{2DD23346-B755-4D8C-A0C4-4FABD8F38F5E}.Release|x86.ActiveCfg = Release|x86
		{2DD23346-B755-4D8C-A0C4-4FABD8F38F5E}.Release|x86.Build.0 = Release|x86
		{2DD23346-B755-4D8C-A0C4-4FABD8F38F5E}.Debug|x86.ActiveCfg = Debug|x86
		{2DD23346-B755-4D8C-A0C4-4FABD8F38F5E}.Debug|x86.Build.0 = Debug|x86
		{2DD23346-B755-4D8C-A0C4-4FABD8F38F5E}.Debug|x64.ActiveCfg = Debug|x64
		{2DD23346-B755-4D8C-A0C4-4FABD8F38F5E}.Debug|x64.Build.0 = Debug|x64
		{2DD23346-B755-4D8C-A0C4-4FABD8F38F5E}.Release|x64.ActiveCfg = Release|x64
		{2DD23346-B755-4D8C-A0C4-4FABD8F38F5E}.Release|x64.Build.0 = Release|x64
		{F8156179-CC50-485B-BA01-7D97D3FEE2BC}.Release|x86.ActiveCfg = Release|x86
		{F8156179-CC50-485B-BA01-7D97D3FEE2BC}.Release|x86.Build.0 = Release|x86
		{F8156179-CC50-485B-BA01-7D97D3FEE2BC}.Debug|x86.ActiveCfg = Debug|x86
		{F8156179-CC50-485B-BA01-7D97D3FEE2BC}.Debug|x86.Build.0 = Debug|x86
		{F8156179-CC50-485B-BA01-7D97D3FEE2BC}.Debug|x64.ActiveCfg = Debug|x64
		{F8156179-CC50-485B-BA01-7D97D3FEE2BC}.Debug|x64.Build.0 = Debug|x64
		{F8156179-CC50-485B-BA01-7D97D3FEE2BC}.Release|x64.ActiveCfg = Release|x64
		{F8156179-CC50-485B-BA01-7D97D3FEE2BC}.Release|x64.Build.0 = Release|x64
		{F1D41295-E97A-420F-85AC-FA154F4E8D07}.Release|x86.ActiveCfg = Release|x86
		{F1D41295-E97A-420F-85AC-FA154F4E8D07}.Release|x86.Build.0 = Release|x86
		{F1D41295-E97A-420F-85AC-FA154F4E8D07}.Debug|x86.ActiveCfg = Debug|x86
		{F1D41295-E97A-420F-85AC-FA154F4E8D07}.Debug|x86.Build.0 = Debug|x86
		{F1D41295-E97A-420F-85AC-FA154F4E8D07}.Debug|x64.ActiveCfg = Debug|x64
		{F1D41295-E97A-420F-85AC-FA154F4E8D07}.Debug|x64.Build.0 = Debug|x64
		{F1D41295-E97A-420F-85AC-FA154F4E8D07}.Release|x64.ActiveCfg = Release|x64
		{F1D41295-E97A-420F-85AC-FA154F4E8D07}.Release|x64.Build.0 = Release|x64
		{11C18A28-7244-4CBF-95AE-4986B9650081}.Release|x86.ActiveCfg = Release|x86
		{11C18A28-7244-4CBF-95AE-4986B9650081}.Release|x86.Build.0 = Release|x86
		{11C18A28-7244-4CBF-95AE-4986B9650081}.Debug|x86.ActiveCfg = Debug|x86
		{11C18A28-7244-4CBF-95AE-4986B9650081}.Debug|x86.Build.0 = Debug|x86
		{11C18A28-7244-4CBF-95AE-4986B9650081}.Debug|x64.ActiveCfg = Debug|x64
		{11C18A28-7244-4CBF-95AE-4986B9650081}.Debug|x64.Build.0 = Debug|x64
		{11C18A28-7244-4CBF-95AE-4986B9650081}.Release|x64.ActiveCfg = Release|x64
		{11C18A28-7244-4CBF-95AE-4986B9650081}.Release|x64.Build.0 = Release|x64
	EndGlobalSection
EndGlobal
