
Microsoft Visual Studio Solution File, Format Version 11.00
# Visual Studio 2010
Project("{8BC9CEB9-8B4A-11D0-8D11-00A0C91BC942}") = "core", "core.dll", "{2387D73E-179C-4B11-B154-0B1695684794}"
	ProjectSection(MonoDevelopProperties) = preProject
		BaseDirectory = ..\..
		name = core
		Configurations = $0
		$0.Configuration = $1
		$1.name = Default
		$1.OutputPath = .\
		$1.ctype = ProjectConfiguration
	EndProjectSection
EndProject
Global
	GlobalSection(SolutionConfigurationPlatforms) = preSolution
		Default|Any CPU = Default|Any CPU
	EndGlobalSection
	GlobalSection(ProjectConfigurationPlatforms) = postSolution
		{2387D73E-179C-4B11-B154-0B1695684794}.Default|Any CPU.ActiveCfg = Default|Any CPU
		{2387D73E-179C-4B11-B154-0B1695684794}.Default|Any CPU.Build.0 = Default|Any CPU
	EndGlobalSection
	GlobalSection(MonoDevelopProperties) = preSolution
		StartupItem = core.dll
	EndGlobalSection
EndGlobal
