
Microsoft Visual Studio Solution File, Format Version 12.00
# Visual Studio 15
Project("{FAE04EC0-301F-11D3-BF4B-00C04F79EFBC}") = "MonoMac", "MonoMac.csproj", "{2DD23346-B755-4D8C-A0C4-4FABD8F38F5E}"
EndProject
Project("{FAE04EC0-301F-11D3-BF4B-00C04F79EFBC}") = "core", "core.csproj", "{F8156179-CC50-485B-BA01-7D97D3FEE2BC}"
EndProject
Project("{2150E333-8FDC-42A3-9474-1A3956D46DE8}") = "build", "build", "{78756412-5D1F-4838-A1C9-B0FA95D3441E}"
	ProjectSection(SolutionItems) = preProject
		Directory.Build.props = Directory.Build.props
		Directory.Build.targets = Directory.Build.targets
		Shared.props = Shared.props
	EndProjectSection
EndProject
Project("{FAE04EC0-301F-11D3-BF4B-00C04F79EFBC}") = "generator", "generator.csproj", "{F1D41295-E97A-420F-85AC-FA154F4E8D07}"
EndProject
Project("{FAE04EC0-301F-11D3-BF4B-00C04F79EFBC}") = "bmac", "bmac.csproj", "{11C18A28-7244-4CBF-95AE-4986B9650081}"
EndProject
Global
	GlobalSection(SolutionConfigurationPlatforms) = preSolution
		Debug|Any CPU = Debug|Any CPU
		Release|Any CPU = Release|Any CPU
	EndGlobalSection
	GlobalSection(ProjectConfigurationPlatforms) = postSolution
		{2DD23346-B755-4D8C-A0C4-4FABD8F38F5E}.Debug|Any CPU.ActiveCfg = Debug|Any CPU
		{2DD23346-B755-4D8C-A0C4-4FABD8F38F5E}.Debug|Any CPU.Build.0 = Debug|Any CPU
		{2DD23346-B755-4D8C-A0C4-4FABD8F38F5E}.Release|Any CPU.ActiveCfg = Release|
		{2DD23346-B755-4D8C-A0C4-4FABD8F38F5E}.Release|Any CPU.Build.0 = Release|
		{F8156179-CC50-485B-BA01-7D97D3FEE2BC}.Debug|Any CPU.ActiveCfg = Debug|Any CPU
		{F8156179-CC50-485B-BA01-7D97D3FEE2BC}.Debug|Any CPU.Build.0 = Debug|Any CPU
		{F8156179-CC50-485B-BA01-7D97D3FEE2BC}.Release|Any CPU.ActiveCfg = Release|Any CPU
		{F8156179-CC50-485B-BA01-7D97D3FEE2BC}.Release|Any CPU.Build.0 = Release|Any CPU
		{F1D41295-E97A-420F-85AC-FA154F4E8D07}.Debug|Any CPU.ActiveCfg = Debug|Any CPU
		{F1D41295-E97A-420F-85AC-FA154F4E8D07}.Debug|Any CPU.Build.0 = Debug|Any CPU
		{F1D41295-E97A-420F-85AC-FA154F4E8D07}.Release|Any CPU.ActiveCfg = Release|Any CPU
		{F1D41295-E97A-420F-85AC-FA154F4E8D07}.Release|Any CPU.Build.0 = Release|Any CPU
		{11C18A28-7244-4CBF-95AE-4986B9650081}.Debug|Any CPU.ActiveCfg = Debug|Any CPU
		{11C18A28-7244-4CBF-95AE-4986B9650081}.Debug|Any CPU.Build.0 = Debug|Any CPU
		{11C18A28-7244-4CBF-95AE-4986B9650081}.Release|Any CPU.ActiveCfg = Release|Any CPU
		{11C18A28-7244-4CBF-95AE-4986B9650081}.Release|Any CPU.Build.0 = Release|Any CPU
	EndGlobalSection
EndGlobal
